
Microsoft Visual Studio Solution File, Format Version 12.00
Project("{FAE04EC0-301F-11D3-BF4B-00C04F79EFBC}") = "FrostgravyTrain.Host", "FrostgravyTrain.Host\FrostgravyTrain.Host.csproj", "{ED2C78FA-534F-4185-98E2-94F1F95218E1}"
EndProject
Project("{FAE04EC0-301F-11D3-BF4B-00C04F79EFBC}") = "FrostgravyTrain.Web", "FrostgravyTrain.Web\FrostgravyTrain.Web.csproj", "{27CA5B3F-81E8-413C-8662-B70512110A65}"
EndProject
Project("{FAE04EC0-301F-11D3-BF4B-00C04F79EFBC}") = "FrostgravyTrain.Core", "FrostgravyTrain.Core\FrostgravyTrain.Core.csproj", "{196511C5-88DA-4C2E-BE31-A03AD44467C4}"
EndProject
Project("{FAE04EC0-301F-11D3-BF4B-00C04F79EFBC}") = "FrostgravyTrain.Data", "FrostgravyTrain.Data\FrostgravyTrain.Data.csproj", "{E683629A-2B8D-4B66-ABEC-6545E7E88A4E}"
EndProject
Project("{FAE04EC0-301F-11D3-BF4B-00C04F79EFBC}") = "FrostgravyTrain.Data.Migrations", "FrostgravyTrain.Data.Migrations\FrostgravyTrain.Data.Migrations.csproj", "{5AB25E9C-7C84-4D20-9A35-64F423F6BC55}"
EndProject
Global
	GlobalSection(SolutionConfigurationPlatforms) = preSolution
		Debug|Any CPU = Debug|Any CPU
		Release|Any CPU = Release|Any CPU
	EndGlobalSection
	GlobalSection(ProjectConfigurationPlatforms) = postSolution
		{ED2C78FA-534F-4185-98E2-94F1F95218E1}.Debug|Any CPU.ActiveCfg = Debug|Any CPU
		{ED2C78FA-534F-4185-98E2-94F1F95218E1}.Debug|Any CPU.Build.0 = Debug|Any CPU
		{ED2C78FA-534F-4185-98E2-94F1F95218E1}.Release|Any CPU.ActiveCfg = Release|Any CPU
		{ED2C78FA-534F-4185-98E2-94F1F95218E1}.Release|Any CPU.Build.0 = Release|Any CPU
		{27CA5B3F-81E8-413C-8662-B70512110A65}.Debug|Any CPU.ActiveCfg = Debug|Any CPU
		{27CA5B3F-81E8-413C-8662-B70512110A65}.Debug|Any CPU.Build.0 = Debug|Any CPU
		{27CA5B3F-81E8-413C-8662-B70512110A65}.Release|Any CPU.ActiveCfg = Release|Any CPU
		{27CA5B3F-81E8-413C-8662-B70512110A65}.Release|Any CPU.Build.0 = Release|Any CPU
		{196511C5-88DA-4C2E-BE31-A03AD44467C4}.Debug|Any CPU.ActiveCfg = Debug|Any CPU
		{196511C5-88DA-4C2E-BE31-A03AD44467C4}.Debug|Any CPU.Build.0 = Debug|Any CPU
		{196511C5-88DA-4C2E-BE31-A03AD44467C4}.Release|Any CPU.ActiveCfg = Release|Any CPU
		{196511C5-88DA-4C2E-BE31-A03AD44467C4}.Release|Any CPU.Build.0 = Release|Any CPU
		{E683629A-2B8D-4B66-ABEC-6545E7E88A4E}.Debug|Any CPU.ActiveCfg = Debug|Any CPU
		{E683629A-2B8D-4B66-ABEC-6545E7E88A4E}.Debug|Any CPU.Build.0 = Debug|Any CPU
		{E683629A-2B8D-4B66-ABEC-6545E7E88A4E}.Release|Any CPU.ActiveCfg = Release|Any CPU
		{E683629A-2B8D-4B66-ABEC-6545E7E88A4E}.Release|Any CPU.Build.0 = Release|Any CPU
		{5AB25E9C-7C84-4D20-9A35-64F423F6BC55}.Debug|Any CPU.ActiveCfg = Debug|Any CPU
		{5AB25E9C-7C84-4D20-9A35-64F423F6BC55}.Debug|Any CPU.Build.0 = Debug|Any CPU
		{5AB25E9C-7C84-4D20-9A35-64F423F6BC55}.Release|Any CPU.ActiveCfg = Release|Any CPU
		{5AB25E9C-7C84-4D20-9A35-64F423F6BC55}.Release|Any CPU.Build.0 = Release|Any CPU
	EndGlobalSection
EndGlobal
